# This file was autogenerated by Stack.
# You should not edit this file by hand.
# For more information, please see the documentation at:
#   https://docs.haskellstack.org/en/stable/lock_files

packages:
- completed:
    name: iconv
    version: 0.4.1.3
    git: https://github.com/space-vacuum/iconv.git
    pantry-tree:
      size: 599
      sha256: 223d2bd0e333b963376999fa520e297fa5b61e4e236c6a9249655f54dfbaee31
    commit: 578b28cdfc1e29721614d079447913e6c7da693d
  original:
    git: https://github.com/space-vacuum/iconv.git
    commit: 578b28cdfc1e29721614d079447913e6c7da693d
snapshots:
- completed:
    size: 636747
    url: https://raw.githubusercontent.com/commercialhaskell/stackage-snapshots/master/nightly/2022/9/23.yaml
    sha256: a2f307c3e8087b22aa65b23870ebe3e612573a7a1f52f86e6c46c42419496c95
  original: nightly-2022-09-23
